
Microsoft Visual Studio Solution File, Format Version 11.00
# Visual Studio 2010
Project("{FAE04EC0-301F-11D3-BF4B-00C04F79EFBC}") = "JamChester", "Assembly-CSharp-firstpass.csproj", "{23EC9CD0-3241-946B-75A3-EAA37379D66E}"
EndProject
Project("{FAE04EC0-301F-11D3-BF4B-00C04F79EFBC}") = "JamChester", "Assembly-CSharp.csproj", "{BFC45466-B9B7-FAE9-615E-7018D74860FF}"
EndProject
Project("{FAE04EC0-301F-11D3-BF4B-00C04F79EFBC}") = "JamChester", "Assembly-CSharp-Editor.csproj", "{F0AF9AF8-460E-DD59-5E16-CD050E9074AA}"
EndProject
Global
	GlobalSection(SolutionConfigurationPlatforms) = preSolution
		Debug|Any CPU = Debug|Any CPU
		Release|Any CPU = Release|Any CPU
	EndGlobalSection
	GlobalSection(ProjectConfigurationPlatforms) = postSolution
		{23EC9CD0-3241-946B-75A3-EAA37379D66E}.Debug|Any CPU.ActiveCfg = Debug|Any CPU
		{23EC9CD0-3241-946B-75A3-EAA37379D66E}.Debug|Any CPU.Build.0 = Debug|Any CPU
		{23EC9CD0-3241-946B-75A3-EAA37379D66E}.Release|Any CPU.ActiveCfg = Release|Any CPU
		{23EC9CD0-3241-946B-75A3-EAA37379D66E}.Release|Any CPU.Build.0 = Release|Any CPU
		{BFC45466-B9B7-FAE9-615E-7018D74860FF}.Debug|Any CPU.ActiveCfg = Debug|Any CPU
		{BFC45466-B9B7-FAE9-615E-7018D74860FF}.Debug|Any CPU.Build.0 = Debug|Any CPU
		{BFC45466-B9B7-FAE9-615E-7018D74860FF}.Release|Any CPU.ActiveCfg = Release|Any CPU
		{BFC45466-B9B7-FAE9-615E-7018D74860FF}.Release|Any CPU.Build.0 = Release|Any CPU
		{F0AF9AF8-460E-DD59-5E16-CD050E9074AA}.Debug|Any CPU.ActiveCfg = Debug|Any CPU
		{F0AF9AF8-460E-DD59-5E16-CD050E9074AA}.Debug|Any CPU.Build.0 = Debug|Any CPU
		{F0AF9AF8-460E-DD59-5E16-CD050E9074AA}.Release|Any CPU.ActiveCfg = Release|Any CPU
		{F0AF9AF8-460E-DD59-5E16-CD050E9074AA}.Release|Any CPU.Build.0 = Release|Any CPU
	EndGlobalSection
	GlobalSection(SolutionProperties) = preSolution
		HideSolutionNode = FALSE
	EndGlobalSection
	GlobalSection(MonoDevelopProperties) = preSolution
		StartupItem = Assembly-CSharp.csproj
	EndGlobalSection
EndGlobal
